
Microsoft Visual Studio Solution File, Format Version 12.00
# Visual Studio Version 16
VisualStudioVersion = 16.0.30611.23
MinimumVisualStudioVersion = 10.0.40219.1
Project("{8BC9CEB8-8B4A-11D0-8D11-00A0C91BC942}") = "Huffmancode", "Huffmancode\Huffmancode.vcxproj", "{B87FE0DA-8981-423C-8325-1A6D65F5B46E}"
EndProject
Global
	GlobalSection(SolutionConfigurationPlatforms) = preSolution
		Debug|x64 = Debug|x64
		Debug|x86 = Debug|x86
		Release|x64 = Release|x64
		Release|x86 = Release|x86
	EndGlobalSection
	GlobalSection(ProjectConfigurationPlatforms) = postSolution
		{B87FE0DA-8981-423C-8325-1A6D65F5B46E}.Debug|x64.ActiveCfg = Debug|x64
		{B87FE0DA-8981-423C-8325-1A6D65F5B46E}.Debug|x64.Build.0 = Debug|x64
		{B87FE0DA-8981-423C-8325-1A6D65F5B46E}.Debug|x86.ActiveCfg = Debug|Win32
		{B87FE0DA-8981-423C-8325-1A6D65F5B46E}.Debug|x86.Build.0 = Debug|Win32
		{B87FE0DA-8981-423C-8325-1A6D65F5B46E}.Release|x64.ActiveCfg = Release|x64
		{B87FE0DA-8981-423C-8325-1A6D65F5B46E}.Release|x64.Build.0 = Release|x64
		{B87FE0DA-8981-423C-8325-1A6D65F5B46E}.Release|x86.ActiveCfg = Release|Win32
		{B87FE0DA-8981-423C-8325-1A6D65F5B46E}.Release|x86.Build.0 = Release|Win32
	EndGlobalSection
	GlobalSection(SolutionProperties) = preSolution
		HideSolutionNode = FALSE
	EndGlobalSection
	GlobalSection(ExtensibilityGlobals) = postSolution
		SolutionGuid = {541BD61B-148A-4D2D-85C1-40F7BCF89A6C}
	EndGlobalSection
EndGlobal
